{
  "name": "simplydark",
  "version": "0.0.1",
  "lockfileVersion": 2,
  "requires": true,
  "packages": {
    "": {
      "name": "simplydark",
      "version": "0.0.1",
      "dependencies": {
        "vscode-theme-generator": "^0.2.1"
      },
      "engines": {
        "vscode": "^1.71.0"
      }
    },
    "node_modules/vscode-theme-generator": {
      "version": "0.2.1",
      "resolved": "https://registry.npmjs.org/vscode-theme-generator/-/vscode-theme-generator-0.2.1.tgz",
      "integrity": "sha512-LAj/9Sy0ag0ZlUoTLpFZdnc/4GaEBsB8Fo1cDp9cttlT1vcbM0vUnyiwm4KmNwjtz8dJVJo3VIXqAehCRXlcxA=="
    }
  },
  "dependencies": {
    "vscode-theme-generator": {
      "version": "0.2.1",
      "resolved": "https://registry.npmjs.org/vscode-theme-generator/-/vscode-theme-generator-0.2.1.tgz",
      "integrity": "sha512-LAj/9Sy0ag0ZlUoTLpFZdnc/4GaEBsB8Fo1cDp9cttlT1vcbM0vUnyiwm4KmNwjtz8dJVJo3VIXqAehCRXlcxA=="
    }
  }
}
